Microsoft Visual Studio Solution File, Format Version 11.00
# Visual Studio 2008

Project("{1395AC61-8A6C-F86A-C620-BDA2FFF72C7D}") = "snoboll", "Assembly-CSharp.csproj", "{12968847-9057-A5A5-478C-07EAAF65E8AA}"
EndProject
Project("{1395AC61-8A6C-F86A-C620-BDA2FFF72C7D}") = "snoboll", "Assembly-CSharp-Editor.csproj", "{EFD10924-1107-C457-E1A1-A38B22781989}"
EndProject
Global
	GlobalSection(SolutionConfigurationPlatforms) = preSolution
		Debug|Any CPU = Debug|Any CPU
		Release|Any CPU = Release|Any CPU
	EndGlobalSection
	GlobalSection(ProjectConfigurationPlatforms) = postSolution
		{12968847-9057-A5A5-478C-07EAAF65E8AA}.Debug|Any CPU.ActiveCfg = Debug|Any CPU
		{12968847-9057-A5A5-478C-07EAAF65E8AA}.Debug|Any CPU.Build.0 = Debug|Any CPU
		{12968847-9057-A5A5-478C-07EAAF65E8AA}.Release|Any CPU.ActiveCfg = Release|Any CPU
		{12968847-9057-A5A5-478C-07EAAF65E8AA}.Release|Any CPU.Build.0 = Release|Any CPU
		{EFD10924-1107-C457-E1A1-A38B22781989}.Debug|Any CPU.ActiveCfg = Debug|Any CPU
		{EFD10924-1107-C457-E1A1-A38B22781989}.Debug|Any CPU.Build.0 = Debug|Any CPU
		{EFD10924-1107-C457-E1A1-A38B22781989}.Release|Any CPU.ActiveCfg = Release|Any CPU
		{EFD10924-1107-C457-E1A1-A38B22781989}.Release|Any CPU.Build.0 = Release|Any CPU
	EndGlobalSection
	GlobalSection(SolutionProperties) = preSolution
		HideSolutionNode = FALSE
	EndGlobalSection
	GlobalSection(MonoDevelopProperties) = preSolution
		StartupItem = Assembly-CSharp.csproj
	EndGlobalSection
EndGlobal
